
Microsoft Visual Studio Solution File, Format Version 12.00
# Visual Studio Version 17
VisualStudioVersion = 17.3.32901.215
MinimumVisualStudioVersion = 10.0.40219.1
Project("{FAE04EC0-301F-11D3-BF4B-00C04F79EFBC}") = "Calculator.AspNetCoreApp", "Calculator.AspNetCoreApp\Calculator.AspNetCoreApp.csproj", "{777068A7-3FF5-40DD-84F9-2567E7C19BEE}"
EndProject
Project("{2150E333-8FDC-42A3-9474-1A3956D46DE8}") = "Solution Items", "Solution Items", "{6D179A04-6273-4BF3-ABCB-FF46F0E22B3E}"
	ProjectSection(SolutionItems) = preProject
		README.md = README.md
	EndProjectSection
EndProject
Global
	GlobalSection(SolutionConfigurationPlatforms) = preSolution
		Debug|Any CPU = Debug|Any CPU
		Release|Any CPU = Release|Any CPU
	EndGlobalSection
	GlobalSection(ProjectConfigurationPlatforms) = postSolution
		{777068A7-3FF5-40DD-84F9-2567E7C19BEE}.Debug|Any CPU.ActiveCfg = Debug|Any CPU
		{777068A7-3FF5-40DD-84F9-2567E7C19BEE}.Debug|Any CPU.Build.0 = Debug|Any CPU
		{777068A7-3FF5-40DD-84F9-2567E7C19BEE}.Release|Any CPU.ActiveCfg = Release|Any CPU
		{777068A7-3FF5-40DD-84F9-2567E7C19BEE}.Release|Any CPU.Build.0 = Release|Any CPU
	EndGlobalSection
	GlobalSection(SolutionProperties) = preSolution
		HideSolutionNode = FALSE
	EndGlobalSection
	GlobalSection(ExtensibilityGlobals) = postSolution
		SolutionGuid = {957220D1-FC3C-4A20-B94B-2E5E0CC27341}
	EndGlobalSection
EndGlobal
